
Microsoft Visual Studio Solution File, Format Version 12.00
# Visual Studio Version 16
VisualStudioVersion = 16.0.29920.165
MinimumVisualStudioVersion = 10.0.40219.1
Project("{8BC9CEB8-8B4A-11D0-8D11-00A0C91BC942}") = "CMD-SERVER", "CMD-SERVER\CMD-SERVER.vcxproj", "{44AC4950-3AD9-4C25-9057-F0BEDB1406AC}"
EndProject
Global
	GlobalSection(SolutionConfigurationPlatforms) = preSolution
		Debug|x64 = Debug|x64
		Debug|x86 = Debug|x86
		Release|x64 = Release|x64
		Release|x86 = Release|x86
	EndGlobalSection
	GlobalSection(ProjectConfigurationPlatforms) = postSolution
		{44AC4950-3AD9-4C25-9057-F0BEDB1406AC}.Debug|x64.ActiveCfg = Debug|x64
		{44AC4950-3AD9-4C25-9057-F0BEDB1406AC}.Debug|x64.Build.0 = Debug|x64
		{44AC4950-3AD9-4C25-9057-F0BEDB1406AC}.Debug|x86.ActiveCfg = Debug|Win32
		{44AC4950-3AD9-4C25-9057-F0BEDB1406AC}.Debug|x86.Build.0 = Debug|Win32
		{44AC4950-3AD9-4C25-9057-F0BEDB1406AC}.Release|x64.ActiveCfg = Release|x64
		{44AC4950-3AD9-4C25-9057-F0BEDB1406AC}.Release|x64.Build.0 = Release|x64
		{44AC4950-3AD9-4C25-9057-F0BEDB1406AC}.Release|x86.ActiveCfg = Release|Win32
		{44AC4950-3AD9-4C25-9057-F0BEDB1406AC}.Release|x86.Build.0 = Release|Win32
	EndGlobalSection
	GlobalSection(SolutionProperties) = preSolution
		HideSolutionNode = FALSE
	EndGlobalSection
	GlobalSection(ExtensibilityGlobals) = postSolution
		SolutionGuid = {B93B9807-F00F-4892-87E7-75823AE1114D}
	EndGlobalSection
EndGlobal
