
Microsoft Visual Studio Solution File, Format Version 12.00
# Visual Studio Version 16
VisualStudioVersion = 16.0.29920.165
MinimumVisualStudioVersion = 10.0.40219.1
Project("{8BC9CEB8-8B4A-11D0-8D11-00A0C91BC942}") = "Inject", "Inject\Inject.vcxproj", "{A3DAAAC6-EABF-476A-B401-62058CBC986E}"
EndProject
Global
	GlobalSection(SolutionConfigurationPlatforms) = preSolution
		Debug|x64 = Debug|x64
		Debug|x86 = Debug|x86
		Release|x64 = Release|x64
		Release|x86 = Release|x86
	EndGlobalSection
	GlobalSection(ProjectConfigurationPlatforms) = postSolution
		{A3DAAAC6-EABF-476A-B401-62058CBC986E}.Debug|x64.ActiveCfg = Debug|x64
		{A3DAAAC6-EABF-476A-B401-62058CBC986E}.Debug|x64.Build.0 = Debug|x64
		{A3DAAAC6-EABF-476A-B401-62058CBC986E}.Debug|x86.ActiveCfg = Debug|Win32
		{A3DAAAC6-EABF-476A-B401-62058CBC986E}.Debug|x86.Build.0 = Debug|Win32
		{A3DAAAC6-EABF-476A-B401-62058CBC986E}.Release|x64.ActiveCfg = Release|x64
		{A3DAAAC6-EABF-476A-B401-62058CBC986E}.Release|x64.Build.0 = Release|x64
		{A3DAAAC6-EABF-476A-B401-62058CBC986E}.Release|x86.ActiveCfg = Release|Win32
		{A3DAAAC6-EABF-476A-B401-62058CBC986E}.Release|x86.Build.0 = Release|Win32
	EndGlobalSection
	GlobalSection(SolutionProperties) = preSolution
		HideSolutionNode = FALSE
	EndGlobalSection
	GlobalSection(ExtensibilityGlobals) = postSolution
		SolutionGuid = {0A380AD1-9D31-49F3-A119-B46013D6E85D}
	EndGlobalSection
EndGlobal
