
Microsoft Visual Studio Solution File, Format Version 12.00
# Visual Studio Version 16
VisualStudioVersion = 16.0.29920.165
MinimumVisualStudioVersion = 10.0.40219.1
Project("{8BC9CEB8-8B4A-11D0-8D11-00A0C91BC942}") = "Remote-SERVER", "Remote-SERVER\Remote-SERVER.vcxproj", "{20FB1942-CBE4-4CD2-942E-AEEA4DBBF05E}"
EndProject
Global
	GlobalSection(SolutionConfigurationPlatforms) = preSolution
		Debug|x64 = Debug|x64
		Debug|x86 = Debug|x86
		Release|x64 = Release|x64
		Release|x86 = Release|x86
	EndGlobalSection
	GlobalSection(ProjectConfigurationPlatforms) = postSolution
		{20FB1942-CBE4-4CD2-942E-AEEA4DBBF05E}.Debug|x64.ActiveCfg = Debug|x64
		{20FB1942-CBE4-4CD2-942E-AEEA4DBBF05E}.Debug|x64.Build.0 = Debug|x64
		{20FB1942-CBE4-4CD2-942E-AEEA4DBBF05E}.Debug|x86.ActiveCfg = Debug|Win32
		{20FB1942-CBE4-4CD2-942E-AEEA4DBBF05E}.Debug|x86.Build.0 = Debug|Win32
		{20FB1942-CBE4-4CD2-942E-AEEA4DBBF05E}.Release|x64.ActiveCfg = Release|x64
		{20FB1942-CBE4-4CD2-942E-AEEA4DBBF05E}.Release|x64.Build.0 = Release|x64
		{20FB1942-CBE4-4CD2-942E-AEEA4DBBF05E}.Release|x86.ActiveCfg = Release|Win32
		{20FB1942-CBE4-4CD2-942E-AEEA4DBBF05E}.Release|x86.Build.0 = Release|Win32
	EndGlobalSection
	GlobalSection(SolutionProperties) = preSolution
		HideSolutionNode = FALSE
	EndGlobalSection
	GlobalSection(ExtensibilityGlobals) = postSolution
		SolutionGuid = {60BB549A-4EC4-4939-BD2A-02A7B35F1E15}
	EndGlobalSection
EndGlobal
